<Solution>
  <Folder Name="/src/">
    <Project Path="src/Axiomarium.Cli/Axiomarium.Cli.csproj" />
    <Project Path="src/Axiomarium.Core/Axiomarium.Core.csproj" />
  </Folder>
  <Folder Name="/tests/">
    <Project Path="tests/Axiomarium.Tests/Axiomarium.Tests.csproj" />
  </Folder>
  <Folder Name="/tools/">
    <Project Path="tools/Axiomarium.GroundTruth/Axiomarium.GroundTruth.csproj" />
  </Folder>
</Solution>
